
Microsoft Visual Studio Solution File, Format Version 12.00
# Visual Studio 2013
VisualStudioVersion = 12.0.30501.0
MinimumVisualStudioVersion = 10.0.40219.1
Project("{FAE04EC0-301F-11D3-BF4B-00C04F79EFBC}") = "OctopusApp", "OctopusApp\OctopusApp.csproj", "{D3886A3D-72A7-4E1D-A8F1-47C5EAB9FE57}"
EndProject
Project("{FAE04EC0-301F-11D3-BF4B-00C04F79EFBC}") = "OctopusAppTests", "OctopusAppTests\OctopusAppTests.csproj", "{5E4EEA7F-8435-4FF4-909D-51E45572AB6C}"
EndProject
Global
	GlobalSection(SolutionConfigurationPlatforms) = preSolution
		Debug|Any CPU = Debug|Any CPU
		Release|Any CPU = Release|Any CPU
	EndGlobalSection
	GlobalSection(ProjectConfigurationPlatforms) = postSolution
		{D3886A3D-72A7-4E1D-A8F1-47C5EAB9FE57}.Debug|Any CPU.ActiveCfg = Debug|Any CPU
		{D3886A3D-72A7-4E1D-A8F1-47C5EAB9FE57}.Debug|Any CPU.Build.0 = Debug|Any CPU
		{D3886A3D-72A7-4E1D-A8F1-47C5EAB9FE57}.Release|Any CPU.ActiveCfg = Release|Any CPU
		{D3886A3D-72A7-4E1D-A8F1-47C5EAB9FE57}.Release|Any CPU.Build.0 = Release|Any CPU
		{5E4EEA7F-8435-4FF4-909D-51E45572AB6C}.Debug|Any CPU.ActiveCfg = Debug|Any CPU
		{5E4EEA7F-8435-4FF4-909D-51E45572AB6C}.Debug|Any CPU.Build.0 = Debug|Any CPU
		{5E4EEA7F-8435-4FF4-909D-51E45572AB6C}.Release|Any CPU.ActiveCfg = Release|Any CPU
		{5E4EEA7F-8435-4FF4-909D-51E45572AB6C}.Release|Any CPU.Build.0 = Release|Any CPU
	EndGlobalSection
	GlobalSection(SolutionProperties) = preSolution
		HideSolutionNode = FALSE
	EndGlobalSection
EndGlobal
